
Microsoft Visual Studio Solution File, Format Version 12.00
# Visual Studio Version 17
VisualStudioVersion = 17.0.31903.59
MinimumVisualStudioVersion = 10.0.40219.1
Project("{FAE04EC0-301F-11D3-BF4B-00C04F79EFBC}") = "Core", "Core\Core.csproj", "{4FEB7DED-3B96-4A92-9542-B0933E476B6E}"
EndProject
Project("{FAE04EC0-301F-11D3-BF4B-00C04F79EFBC}") = "Application", "Application\Application.csproj", "{B88396E2-6237-43FD-ABFE-78D35902DA67}"
EndProject
Project("{FAE04EC0-301F-11D3-BF4B-00C04F79EFBC}") = "Infrastructure", "Infrastructure\Infrastructure.csproj", "{9B4CA91B-B364-4AD8-B1E4-E1ACE6ED23BE}"
EndProject
Project("{FAE04EC0-301F-11D3-BF4B-00C04F79EFBC}") = "WebApi", "WebApi\WebApi.csproj", "{6CBC54D3-F953-4F93-8458-B4C8296D77FF}"
EndProject
Global
	GlobalSection(SolutionConfigurationPlatforms) = preSolution
		Debug|Any CPU = Debug|Any CPU
		Debug|x64 = Debug|x64
		Debug|x86 = Debug|x86
		Release|Any CPU = Release|Any CPU
		Release|x64 = Release|x64
		Release|x86 = Release|x86
	EndGlobalSection
	GlobalSection(ProjectConfigurationPlatforms) = postSolution
		{4FEB7DED-3B96-4A92-9542-B0933E476B6E}.Debug|Any CPU.ActiveCfg = Debug|Any CPU
		{4FEB7DED-3B96-4A92-9542-B0933E476B6E}.Debug|Any CPU.Build.0 = Debug|Any CPU
		{4FEB7DED-3B96-4A92-9542-B0933E476B6E}.Debug|x64.ActiveCfg = Debug|Any CPU
		{4FEB7DED-3B96-4A92-9542-B0933E476B6E}.Debug|x64.Build.0 = Debug|Any CPU
		{4FEB7DED-3B96-4A92-9542-B0933E476B6E}.Debug|x86.ActiveCfg = Debug|Any CPU
		{4FEB7DED-3B96-4A92-9542-B0933E476B6E}.Debug|x86.Build.0 = Debug|Any CPU
		{4FEB7DED-3B96-4A92-9542-B0933E476B6E}.Release|Any CPU.ActiveCfg = Release|Any CPU
		{4FEB7DED-3B96-4A92-9542-B0933E476B6E}.Release|Any CPU.Build.0 = Release|Any CPU
		{4FEB7DED-3B96-4A92-9542-B0933E476B6E}.Release|x64.ActiveCfg = Release|Any CPU
		{4FEB7DED-3B96-4A92-9542-B0933E476B6E}.Release|x64.Build.0 = Release|Any CPU
		{4FEB7DED-3B96-4A92-9542-B0933E476B6E}.Release|x86.ActiveCfg = Release|Any CPU
		{4FEB7DED-3B96-4A92-9542-B0933E476B6E}.Release|x86.Build.0 = Release|Any CPU
		{B88396E2-6237-43FD-ABFE-78D35902DA67}.Debug|Any CPU.ActiveCfg = Debug|Any CPU
		{B88396E2-6237-43FD-ABFE-78D35902DA67}.Debug|Any CPU.Build.0 = Debug|Any CPU
		{B88396E2-6237-43FD-ABFE-78D35902DA67}.Debug|x64.ActiveCfg = Debug|Any CPU
		{B88396E2-6237-43FD-ABFE-78D35902DA67}.Debug|x64.Build.0 = Debug|Any CPU
		{B88396E2-6237-43FD-ABFE-78D35902DA67}.Debug|x86.ActiveCfg = Debug|Any CPU
		{B88396E2-6237-43FD-ABFE-78D35902DA67}.Debug|x86.Build.0 = Debug|Any CPU
		{B88396E2-6237-43FD-ABFE-78D35902DA67}.Release|Any CPU.ActiveCfg = Release|Any CPU
		{B88396E2-6237-43FD-ABFE-78D35902DA67}.Release|Any CPU.Build.0 = Release|Any CPU
		{B88396E2-6237-43FD-ABFE-78D35902DA67}.Release|x64.ActiveCfg = Release|Any CPU
		{B88396E2-6237-43FD-ABFE-78D35902DA67}.Release|x64.Build.0 = Release|Any CPU
		{B88396E2-6237-43FD-ABFE-78D35902DA67}.Release|x86.ActiveCfg = Release|Any CPU
		{B88396E2-6237-43FD-ABFE-78D35902DA67}.Release|x86.Build.0 = Release|Any CPU
		{9B4CA91B-B364-4AD8-B1E4-E1ACE6ED23BE}.Debug|Any CPU.ActiveCfg = Debug|Any CPU
		{9B4CA91B-B364-4AD8-B1E4-E1ACE6ED23BE}.Debug|Any CPU.Build.0 = Debug|Any CPU
		{9B4CA91B-B364-4AD8-B1E4-E1ACE6ED23BE}.Debug|x64.ActiveCfg = Debug|Any CPU
		{9B4CA91B-B364-4AD8-B1E4-E1ACE6ED23BE}.Debug|x64.Build.0 = Debug|Any CPU
		{9B4CA91B-B364-4AD8-B1E4-E1ACE6ED23BE}.Debug|x86.ActiveCfg = Debug|Any CPU
		{9B4CA91B-B364-4AD8-B1E4-E1ACE6ED23BE}.Debug|x86.Build.0 = Debug|Any CPU
		{9B4CA91B-B364-4AD8-B1E4-E1ACE6ED23BE}.Release|Any CPU.ActiveCfg = Release|Any CPU
		{9B4CA91B-B364-4AD8-B1E4-E1ACE6ED23BE}.Release|Any CPU.Build.0 = Release|Any CPU
		{9B4CA91B-B364-4AD8-B1E4-E1ACE6ED23BE}.Release|x64.ActiveCfg = Release|Any CPU
		{9B4CA91B-B364-4AD8-B1E4-E1ACE6ED23BE}.Release|x64.Build.0 = Release|Any CPU
		{9B4CA91B-B364-4AD8-B1E4-E1ACE6ED23BE}.Release|x86.ActiveCfg = Release|Any CPU
		{9B4CA91B-B364-4AD8-B1E4-E1ACE6ED23BE}.Release|x86.Build.0 = Release|Any CPU
		{6CBC54D3-F953-4F93-8458-B4C8296D77FF}.Debug|Any CPU.ActiveCfg = Debug|Any CPU
		{6CBC54D3-F953-4F93-8458-B4C8296D77FF}.Debug|Any CPU.Build.0 = Debug|Any CPU
		{6CBC54D3-F953-4F93-8458-B4C8296D77FF}.Debug|x64.ActiveCfg = Debug|Any CPU
		{6CBC54D3-F953-4F93-8458-B4C8296D77FF}.Debug|x64.Build.0 = Debug|Any CPU
		{6CBC54D3-F953-4F93-8458-B4C8296D77FF}.Debug|x86.ActiveCfg = Debug|Any CPU
		{6CBC54D3-F953-4F93-8458-B4C8296D77FF}.Debug|x86.Build.0 = Debug|Any CPU
		{6CBC54D3-F953-4F93-8458-B4C8296D77FF}.Release|Any CPU.ActiveCfg = Release|Any CPU
		{6CBC54D3-F953-4F93-8458-B4C8296D77FF}.Release|Any CPU.Build.0 = Release|Any CPU
		{6CBC54D3-F953-4F93-8458-B4C8296D77FF}.Release|x64.ActiveCfg = Release|Any CPU
		{6CBC54D3-F953-4F93-8458-B4C8296D77FF}.Release|x64.Build.0 = Release|Any CPU
		{6CBC54D3-F953-4F93-8458-B4C8296D77FF}.Release|x86.ActiveCfg = Release|Any CPU
		{6CBC54D3-F953-4F93-8458-B4C8296D77FF}.Release|x86.Build.0 = Release|Any CPU
	EndGlobalSection
	GlobalSection(SolutionProperties) = preSolution
		HideSolutionNode = FALSE
	EndGlobalSection
EndGlobal
